
Microsoft Visual Studio Solution File, Format Version 12.00
# Visual Studio Version 17
VisualStudioVersion = 17.7.34031.279
MinimumVisualStudioVersion = 10.0.40219.1
Project("{FAE04EC0-301F-11D3-BF4B-00C04F79EFBC}") = "NotesAppXamarin.Android", "NotesAppXamarin.Android\NotesAppXamarin.Android.csproj", "{90900B93-5CC9-43DA-BCD2-9CD5EB00E26B}"
EndProject
Project("{FAE04EC0-301F-11D3-BF4B-00C04F79EFBC}") = "NotesAppXamarin.iOS", "NotesAppXamarin.iOS\NotesAppXamarin.iOS.csproj", "{60D5400A-B0F1-442D-8C79-CA79580FBED2}"
EndProject
Project("{FAE04EC0-301F-11D3-BF4B-00C04F79EFBC}") = "NotesAppXamarin", "NotesAppXamarin\NotesAppXamarin.csproj", "{EC219A0D-1182-48F2-A06E-163E61E27602}"
EndProject
Global
	GlobalSection(SolutionConfigurationPlatforms) = preSolution
		Debug|Any CPU = Debug|Any CPU
		Debug|iPhone = Debug|iPhone
		Debug|iPhoneSimulator = Debug|iPhoneSimulator
		Release|Any CPU = Release|Any CPU
		Release|iPhone = Release|iPhone
		Release|iPhoneSimulator = Release|iPhoneSimulator
	EndGlobalSection
	GlobalSection(ProjectConfigurationPlatforms) = postSolution
		{90900B93-5CC9-43DA-BCD2-9CD5EB00E26B}.Debug|Any CPU.ActiveCfg = Debug|Any CPU
		{90900B93-5CC9-43DA-BCD2-9CD5EB00E26B}.Debug|Any CPU.Build.0 = Debug|Any CPU
		{90900B93-5CC9-43DA-BCD2-9CD5EB00E26B}.Debug|Any CPU.Deploy.0 = Debug|Any CPU
		{90900B93-5CC9-43DA-BCD2-9CD5EB00E26B}.Debug|iPhone.ActiveCfg = Debug|Any CPU
		{90900B93-5CC9-43DA-BCD2-9CD5EB00E26B}.Debug|iPhone.Build.0 = Debug|Any CPU
		{90900B93-5CC9-43DA-BCD2-9CD5EB00E26B}.Debug|iPhone.Deploy.0 = Debug|Any CPU
		{90900B93-5CC9-43DA-BCD2-9CD5EB00E26B}.Debug|iPhoneSimulator.ActiveCfg = Debug|Any CPU
		{90900B93-5CC9-43DA-BCD2-9CD5EB00E26B}.Debug|iPhoneSimulator.Build.0 = Debug|Any CPU
		{90900B93-5CC9-43DA-BCD2-9CD5EB00E26B}.Debug|iPhoneSimulator.Deploy.0 = Debug|Any CPU
		{90900B93-5CC9-43DA-BCD2-9CD5EB00E26B}.Release|Any CPU.ActiveCfg = Release|Any CPU
		{90900B93-5CC9-43DA-BCD2-9CD5EB00E26B}.Release|Any CPU.Build.0 = Release|Any CPU
		{90900B93-5CC9-43DA-BCD2-9CD5EB00E26B}.Release|Any CPU.Deploy.0 = Release|Any CPU
		{90900B93-5CC9-43DA-BCD2-9CD5EB00E26B}.Release|iPhone.ActiveCfg = Release|Any CPU
		{90900B93-5CC9-43DA-BCD2-9CD5EB00E26B}.Release|iPhone.Build.0 = Release|Any CPU
		{90900B93-5CC9-43DA-BCD2-9CD5EB00E26B}.Release|iPhone.Deploy.0 = Release|Any CPU
		{90900B93-5CC9-43DA-BCD2-9CD5EB00E26B}.Release|iPhoneSimulator.ActiveCfg = Release|Any CPU
		{90900B93-5CC9-43DA-BCD2-9CD5EB00E26B}.Release|iPhoneSimulator.Build.0 = Release|Any CPU
		{90900B93-5CC9-43DA-BCD2-9CD5EB00E26B}.Release|iPhoneSimulator.Deploy.0 = Release|Any CPU
		{60D5400A-B0F1-442D-8C79-CA79580FBED2}.Debug|Any CPU.ActiveCfg = Debug|iPhone
		{60D5400A-B0F1-442D-8C79-CA79580FBED2}.Debug|Any CPU.Build.0 = Debug|iPhone
		{60D5400A-B0F1-442D-8C79-CA79580FBED2}.Debug|Any CPU.Deploy.0 = Debug|iPhone
		{60D5400A-B0F1-442D-8C79-CA79580FBED2}.Debug|iPhone.ActiveCfg = Debug|iPhone
		{60D5400A-B0F1-442D-8C79-CA79580FBED2}.Debug|iPhone.Build.0 = Debug|iPhone
		{60D5400A-B0F1-442D-8C79-CA79580FBED2}.Debug|iPhone.Deploy.0 = Debug|iPhone
		{60D5400A-B0F1-442D-8C79-CA79580FBED2}.Debug|iPhoneSimulator.ActiveCfg = Debug|iPhoneSimulator
		{60D5400A-B0F1-442D-8C79-CA79580FBED2}.Debug|iPhoneSimulator.Build.0 = Debug|iPhoneSimulator
		{60D5400A-B0F1-442D-8C79-CA79580FBED2}.Debug|iPhoneSimulator.Deploy.0 = Debug|iPhoneSimulator
		{60D5400A-B0F1-442D-8C79-CA79580FBED2}.Release|Any CPU.ActiveCfg = Release|iPhoneSimulator
		{60D5400A-B0F1-442D-8C79-CA79580FBED2}.Release|Any CPU.Build.0 = Release|iPhoneSimulator
		{60D5400A-B0F1-442D-8C79-CA79580FBED2}.Release|Any CPU.Deploy.0 = Release|iPhoneSimulator
		{60D5400A-B0F1-442D-8C79-CA79580FBED2}.Release|iPhone.ActiveCfg = Release|iPhone
		{60D5400A-B0F1-442D-8C79-CA79580FBED2}.Release|iPhone.Build.0 = Release|iPhone
		{60D5400A-B0F1-442D-8C79-CA79580FBED2}.Release|iPhone.Deploy.0 = Release|iPhone
		{60D5400A-B0F1-442D-8C79-CA79580FBED2}.Release|iPhoneSimulator.ActiveCfg = Release|iPhoneSimulator
		{60D5400A-B0F1-442D-8C79-CA79580FBED2}.Release|iPhoneSimulator.Build.0 = Release|iPhoneSimulator
		{60D5400A-B0F1-442D-8C79-CA79580FBED2}.Release|iPhoneSimulator.Deploy.0 = Release|iPhoneSimulator
		{EC219A0D-1182-48F2-A06E-163E61E27602}.Debug|Any CPU.ActiveCfg = Debug|Any CPU
		{EC219A0D-1182-48F2-A06E-163E61E27602}.Debug|Any CPU.Build.0 = Debug|Any CPU
		{EC219A0D-1182-48F2-A06E-163E61E27602}.Debug|Any CPU.Deploy.0 = Debug|Any CPU
		{EC219A0D-1182-48F2-A06E-163E61E27602}.Debug|iPhone.ActiveCfg = Debug|Any CPU
		{EC219A0D-1182-48F2-A06E-163E61E27602}.Debug|iPhone.Build.0 = Debug|Any CPU
		{EC219A0D-1182-48F2-A06E-163E61E27602}.Debug|iPhone.Deploy.0 = Debug|Any CPU
		{EC219A0D-1182-48F2-A06E-163E61E27602}.Debug|iPhoneSimulator.ActiveCfg = Debug|Any CPU
		{EC219A0D-1182-48F2-A06E-163E61E27602}.Debug|iPhoneSimulator.Build.0 = Debug|Any CPU
		{EC219A0D-1182-48F2-A06E-163E61E27602}.Debug|iPhoneSimulator.Deploy.0 = Debug|Any CPU
		{EC219A0D-1182-48F2-A06E-163E61E27602}.Release|Any CPU.ActiveCfg = Release|Any CPU
		{EC219A0D-1182-48F2-A06E-163E61E27602}.Release|Any CPU.Build.0 = Release|Any CPU
		{EC219A0D-1182-48F2-A06E-163E61E27602}.Release|Any CPU.Deploy.0 = Release|Any CPU
		{EC219A0D-1182-48F2-A06E-163E61E27602}.Release|iPhone.ActiveCfg = Release|Any CPU
		{EC219A0D-1182-48F2-A06E-163E61E27602}.Release|iPhone.Build.0 = Release|Any CPU
		{EC219A0D-1182-48F2-A06E-163E61E27602}.Release|iPhone.Deploy.0 = Release|Any CPU
		{EC219A0D-1182-48F2-A06E-163E61E27602}.Release|iPhoneSimulator.ActiveCfg = Release|Any CPU
		{EC219A0D-1182-48F2-A06E-163E61E27602}.Release|iPhoneSimulator.Build.0 = Release|Any CPU
		{EC219A0D-1182-48F2-A06E-163E61E27602}.Release|iPhoneSimulator.Deploy.0 = Release|Any CPU
	EndGlobalSection
	GlobalSection(SolutionProperties) = preSolution
		HideSolutionNode = FALSE
	EndGlobalSection
	GlobalSection(ExtensibilityGlobals) = postSolution
		SolutionGuid = {5D858AB2-4FD1-4AAE-B7C9-893AD82EDF76}
	EndGlobalSection
EndGlobal
